
Microsoft Visual Studio Solution File, Format Version 12.00
# Visual Studio 14
VisualStudioVersion = 14.0.25420.1
MinimumVisualStudioVersion = 10.0.40219.1
Project("{FAE04EC0-301F-11D3-BF4B-00C04F79EFBC}") = "P16Admintool", "P16Admintool\P16Admintool.csproj", "{5751E748-D482-4D7A-B8D5-425B41755FE6}"
EndProject
Project("{FAE04EC0-301F-11D3-BF4B-00C04F79EFBC}") = "P16CustomControlLibrary", "P16CustomControlLibrary\P16CustomControlLibrary.csproj", "{454FFF77-F4BB-4E34-B8FC-5181C300BF7F}"
EndProject
Project("{FAE04EC0-301F-11D3-BF4B-00C04F79EFBC}") = "P16Common", "P16Common\P16Common.csproj", "{ED601DC4-E869-450C-90F4-3FCF91967AE1}"
EndProject
Project("{FAE04EC0-301F-11D3-BF4B-00C04F79EFBC}") = "P16ConverterLibrary", "P16ConverterLibrary\P16ConverterLibrary.csproj", "{718178A6-518F-48F1-96CF-8DFE47E5680F}"
EndProject
Global
	GlobalSection(SolutionConfigurationPlatforms) = preSolution
		Debug|Any CPU = Debug|Any CPU
		Release|Any CPU = Release|Any CPU
	EndGlobalSection
	GlobalSection(ProjectConfigurationPlatforms) = postSolution
		{5751E748-D482-4D7A-B8D5-425B41755FE6}.Debug|Any CPU.ActiveCfg = Debug|Any CPU
		{5751E748-D482-4D7A-B8D5-425B41755FE6}.Debug|Any CPU.Build.0 = Debug|Any CPU
		{5751E748-D482-4D7A-B8D5-425B41755FE6}.Release|Any CPU.ActiveCfg = Release|Any CPU
		{5751E748-D482-4D7A-B8D5-425B41755FE6}.Release|Any CPU.Build.0 = Release|Any CPU
		{454FFF77-F4BB-4E34-B8FC-5181C300BF7F}.Debug|Any CPU.ActiveCfg = Debug|Any CPU
		{454FFF77-F4BB-4E34-B8FC-5181C300BF7F}.Debug|Any CPU.Build.0 = Debug|Any CPU
		{454FFF77-F4BB-4E34-B8FC-5181C300BF7F}.Release|Any CPU.ActiveCfg = Release|Any CPU
		{454FFF77-F4BB-4E34-B8FC-5181C300BF7F}.Release|Any CPU.Build.0 = Release|Any CPU
		{ED601DC4-E869-450C-90F4-3FCF91967AE1}.Debug|Any CPU.ActiveCfg = Debug|Any CPU
		{ED601DC4-E869-450C-90F4-3FCF91967AE1}.Debug|Any CPU.Build.0 = Debug|Any CPU
		{ED601DC4-E869-450C-90F4-3FCF91967AE1}.Release|Any CPU.ActiveCfg = Release|Any CPU
		{ED601DC4-E869-450C-90F4-3FCF91967AE1}.Release|Any CPU.Build.0 = Release|Any CPU
		{718178A6-518F-48F1-96CF-8DFE47E5680F}.Debug|Any CPU.ActiveCfg = Debug|Any CPU
		{718178A6-518F-48F1-96CF-8DFE47E5680F}.Debug|Any CPU.Build.0 = Debug|Any CPU
		{718178A6-518F-48F1-96CF-8DFE47E5680F}.Release|Any CPU.ActiveCfg = Release|Any CPU
		{718178A6-518F-48F1-96CF-8DFE47E5680F}.Release|Any CPU.Build.0 = Release|Any CPU
	EndGlobalSection
	GlobalSection(SolutionProperties) = preSolution
		HideSolutionNode = FALSE
	EndGlobalSection
EndGlobal
